
Microsoft Visual Studio Solution File, Format Version 12.00
# Visual Studio Version 17
VisualStudioVersion = 17.0.31717.71
MinimumVisualStudioVersion = 10.0.40219.1
Project("{8BC9CEB8-8B4A-11D0-8D11-00A0C91BC942}") = "fatalcrack_loader", "fatalcrack_loader\fatalcrack_loader.vcxproj", "{73D56586-3794-47A0-A494-F2D94F483830}"
EndProject
Project("{8BC9CEB8-8B4A-11D0-8D11-00A0C91BC942}") = "steam_module", "steam_module\steam_module.vcxproj", "{FD2F7E13-CFC4-4094-B244-A18AFBDB04B2}"
EndProject
Global
	GlobalSection(SolutionConfigurationPlatforms) = preSolution
		Debug|x64 = Debug|x64
		Debug|x86 = Debug|x86
		Release|x64 = Release|x64
		Release|x86 = Release|x86
	EndGlobalSection
	GlobalSection(ProjectConfigurationPlatforms) = postSolution
		{73D56586-3794-47A0-A494-F2D94F483830}.Debug|x64.ActiveCfg = Debug|x64
		{73D56586-3794-47A0-A494-F2D94F483830}.Debug|x64.Build.0 = Debug|x64
		{73D56586-3794-47A0-A494-F2D94F483830}.Debug|x86.ActiveCfg = Debug|Win32
		{73D56586-3794-47A0-A494-F2D94F483830}.Debug|x86.Build.0 = Debug|Win32
		{73D56586-3794-47A0-A494-F2D94F483830}.Release|x64.ActiveCfg = Release|x64
		{73D56586-3794-47A0-A494-F2D94F483830}.Release|x64.Build.0 = Release|x64
		{73D56586-3794-47A0-A494-F2D94F483830}.Release|x86.ActiveCfg = Release|Win32
		{73D56586-3794-47A0-A494-F2D94F483830}.Release|x86.Build.0 = Release|Win32
		{FD2F7E13-CFC4-4094-B244-A18AFBDB04B2}.Debug|x64.ActiveCfg = Debug|x64
		{FD2F7E13-CFC4-4094-B244-A18AFBDB04B2}.Debug|x64.Build.0 = Debug|x64
		{FD2F7E13-CFC4-4094-B244-A18AFBDB04B2}.Debug|x86.ActiveCfg = Debug|Win32
		{FD2F7E13-CFC4-4094-B244-A18AFBDB04B2}.Debug|x86.Build.0 = Debug|Win32
		{FD2F7E13-CFC4-4094-B244-A18AFBDB04B2}.Release|x64.ActiveCfg = Release|x64
		{FD2F7E13-CFC4-4094-B244-A18AFBDB04B2}.Release|x64.Build.0 = Release|x64
		{FD2F7E13-CFC4-4094-B244-A18AFBDB04B2}.Release|x86.ActiveCfg = Release|Win32
		{FD2F7E13-CFC4-4094-B244-A18AFBDB04B2}.Release|x86.Build.0 = Release|Win32
	EndGlobalSection
	GlobalSection(SolutionProperties) = preSolution
		HideSolutionNode = FALSE
	EndGlobalSection
	GlobalSection(ExtensibilityGlobals) = postSolution
		SolutionGuid = {B7154FC5-8FC5-4F1C-B0D5-CD8A7D2C4C5B}
	EndGlobalSection
EndGlobal
